
Microsoft Visual Studio Solution File, Format Version 12.00
# Visual Studio Version 16
VisualStudioVersion = 16.0.30204.135
MinimumVisualStudioVersion = 10.0.40219.1
Project("{FAE04EC0-301F-11D3-BF4B-00C04F79EFBC}") = "ProCodeGuide.Samples.EFCore", "ProCodeGuide.Samples.EFCore\ProCodeGuide.Samples.EFCore.csproj", "{748FF940-233B-41F1-A2B6-29B1B0824F0B}"
EndProject
Global
	GlobalSection(SolutionConfigurationPlatforms) = preSolution
		Debug|Any CPU = Debug|Any CPU
		Release|Any CPU = Release|Any CPU
	EndGlobalSection
	GlobalSection(ProjectConfigurationPlatforms) = postSolution
		{748FF940-233B-41F1-A2B6-29B1B0824F0B}.Debug|Any CPU.ActiveCfg = Debug|Any CPU
		{748FF940-233B-41F1-A2B6-29B1B0824F0B}.Debug|Any CPU.Build.0 = Debug|Any CPU
		{748FF940-233B-41F1-A2B6-29B1B0824F0B}.Release|Any CPU.ActiveCfg = Release|Any CPU
		{748FF940-233B-41F1-A2B6-29B1B0824F0B}.Release|Any CPU.Build.0 = Release|Any CPU
	EndGlobalSection
	GlobalSection(SolutionProperties) = preSolution
		HideSolutionNode = FALSE
	EndGlobalSection
	GlobalSection(ExtensibilityGlobals) = postSolution
		SolutionGuid = {C481E8DC-DA38-4947-B914-6F0BFDA7B1C5}
	EndGlobalSection
EndGlobal
